
Microsoft Visual Studio Solution File, Format Version 12.00
# Visual Studio Version 16
VisualStudioVersion = 16.0.29613.14
MinimumVisualStudioVersion = 10.0.40219.1
Project("{FAE04EC0-301F-11D3-BF4B-00C04F79EFBC}") = "API_REST NAX", "API_REST NAX\API_REST NAX.csproj", "{755BF917-0E5C-4316-A74B-B2D3024E00AE}"
EndProject
Project("{2150E333-8FDC-42A3-9474-1A3956D46DE8}") = "Solution Items", "Solution Items", "{F996EDF3-B510-4397-BA07-9384999797D8}"
	ProjectSection(SolutionItems) = preProject
		.editorconfig = .editorconfig
	EndProjectSection
EndProject
Global
	GlobalSection(SolutionConfigurationPlatforms) = preSolution
		Debug|Any CPU = Debug|Any CPU
		Debug|x86 = Debug|x86
		Release|Any CPU = Release|Any CPU
		Release|x86 = Release|x86
	EndGlobalSection
	GlobalSection(ProjectConfigurationPlatforms) = postSolution
		{755BF917-0E5C-4316-A74B-B2D3024E00AE}.Debug|Any CPU.ActiveCfg = Debug|Any CPU
		{755BF917-0E5C-4316-A74B-B2D3024E00AE}.Debug|Any CPU.Build.0 = Debug|Any CPU
		{755BF917-0E5C-4316-A74B-B2D3024E00AE}.Debug|x86.ActiveCfg = Debug|x86
		{755BF917-0E5C-4316-A74B-B2D3024E00AE}.Debug|x86.Build.0 = Debug|x86
		{755BF917-0E5C-4316-A74B-B2D3024E00AE}.Release|Any CPU.ActiveCfg = Release|Any CPU
		{755BF917-0E5C-4316-A74B-B2D3024E00AE}.Release|Any CPU.Build.0 = Release|Any CPU
		{755BF917-0E5C-4316-A74B-B2D3024E00AE}.Release|x86.ActiveCfg = Release|x86
		{755BF917-0E5C-4316-A74B-B2D3024E00AE}.Release|x86.Build.0 = Release|x86
	EndGlobalSection
	GlobalSection(SolutionProperties) = preSolution
		HideSolutionNode = FALSE
	EndGlobalSection
	GlobalSection(ExtensibilityGlobals) = postSolution
		SolutionGuid = {4F32318B-25A3-453C-9C4B-7DB5C173FB44}
	EndGlobalSection
EndGlobal
